{
  "name": "aaudh",
  "lockfileVersion": 3,
  "requires": true,
  "packages": {
    "": {
      "dependencies": {
        "chaiwind": "^1.0.0"
      }
    },
    "node_modules/chaiwind": {
      "version": "1.0.0",
      "resolved": "https://registry.npmjs.org/chaiwind/-/chaiwind-1.0.0.tgz",
      "integrity": "sha512-YUlwENLGvHBgcXTPIjk2ogau2eLxr/wd7/zAp/QpfWr6zdyDIyyq0lYiB3zqGH0O3VtbUjOVS4yTlBIAJ69b+A==",
      "license": "MIT"
    }
  }
}
